
Microsoft Visual Studio Solution File, Format Version 12.00
# Visual Studio Version 17
VisualStudioVersion = 17.7.34024.191
MinimumVisualStudioVersion = 10.0.40219.1
Project("{FAE04EC0-301F-11D3-BF4B-00C04F79EFBC}") = "NasaAPODService", "NasaAPODService\NasaAPODService.csproj", "{DDE62385-AA23-4716-BB2A-BB2BAAE1D127}"
EndProject
Project("{FAE04EC0-301F-11D3-BF4B-00C04F79EFBC}") = "NasaAPOD", "NasaAPOD\NasaAPOD.csproj", "{3EA63597-1494-4B66-9E80-26848BA39124}"
	ProjectSection(ProjectDependencies) = postProject
		{DDE62385-AA23-4716-BB2A-BB2BAAE1D127} = {DDE62385-AA23-4716-BB2A-BB2BAAE1D127}
	EndProjectSection
EndProject
Global
	GlobalSection(SolutionConfigurationPlatforms) = preSolution
		Debug|Any CPU = Debug|Any CPU
		Release|Any CPU = Release|Any CPU
	EndGlobalSection
	GlobalSection(ProjectConfigurationPlatforms) = postSolution
		{DDE62385-AA23-4716-BB2A-BB2BAAE1D127}.Debug|Any CPU.ActiveCfg = Debug|Any CPU
		{DDE62385-AA23-4716-BB2A-BB2BAAE1D127}.Debug|Any CPU.Build.0 = Debug|Any CPU
		{DDE62385-AA23-4716-BB2A-BB2BAAE1D127}.Release|Any CPU.ActiveCfg = Release|Any CPU
		{DDE62385-AA23-4716-BB2A-BB2BAAE1D127}.Release|Any CPU.Build.0 = Release|Any CPU
		{3EA63597-1494-4B66-9E80-26848BA39124}.Debug|Any CPU.ActiveCfg = Debug|Any CPU
		{3EA63597-1494-4B66-9E80-26848BA39124}.Debug|Any CPU.Build.0 = Debug|Any CPU
		{3EA63597-1494-4B66-9E80-26848BA39124}.Release|Any CPU.ActiveCfg = Release|Any CPU
		{3EA63597-1494-4B66-9E80-26848BA39124}.Release|Any CPU.Build.0 = Release|Any CPU
	EndGlobalSection
	GlobalSection(SolutionProperties) = preSolution
		HideSolutionNode = FALSE
	EndGlobalSection
	GlobalSection(ExtensibilityGlobals) = postSolution
		SolutionGuid = {E6C09152-49AD-459E-B43E-52BF39BFE511}
	EndGlobalSection
EndGlobal
